
Microsoft Visual Studio Solution File, Format Version 12.00
# Visual Studio 15
Project("{FAE04EC0-301F-11D3-BF4B-00C04F79EFBC}") = "Assembly-CSharp", "Assembly-CSharp.csproj", "{B52FAA48-9827-B980-BD28-73E749CE681B}"
EndProject
Project("{FAE04EC0-301F-11D3-BF4B-00C04F79EFBC}") = "Unity.XR.Interaction.Toolkit.Samples.StarterAssets", "Unity.XR.Interaction.Toolkit.Samples.StarterAssets.csproj", "{3C130B6E-1D71-4060-896E-9AD888613996}"
EndProject
Global
	GlobalSection(SolutionConfigurationPlatforms) = preSolution
		Debug|Any CPU = Debug|Any CPU
		Release|Any CPU = Release|Any CPU
	EndGlobalSection
	GlobalSection(ProjectConfigurationPlatforms) = postSolution
		{B52FAA48-9827-B980-BD28-73E749CE681B}.Debug|Any CPU.ActiveCfg = Debug|Any CPU
		{B52FAA48-9827-B980-BD28-73E749CE681B}.Debug|Any CPU.Build.0 = Debug|Any CPU
		{B52FAA48-9827-B980-BD28-73E749CE681B}.Release|Any CPU.ActiveCfg = Release|Any CPU
		{B52FAA48-9827-B980-BD28-73E749CE681B}.Release|Any CPU.Build.0 = Release|Any CPU
		{3C130B6E-1D71-4060-896E-9AD888613996}.Debug|Any CPU.ActiveCfg = Debug|Any CPU
		{3C130B6E-1D71-4060-896E-9AD888613996}.Debug|Any CPU.Build.0 = Debug|Any CPU
		{3C130B6E-1D71-4060-896E-9AD888613996}.Release|Any CPU.ActiveCfg = Release|Any CPU
		{3C130B6E-1D71-4060-896E-9AD888613996}.Release|Any CPU.Build.0 = Release|Any CPU
	EndGlobalSection
	GlobalSection(SolutionProperties) = preSolution
		HideSolutionNode = FALSE
	EndGlobalSection
EndGlobal
